{
  "nodes": {
    "flake-utils": {
      "inputs": {
        "systems": "systems"
      },
      "locked": {
        "lastModified": 1681202837,
        "narHash": "sha256-H+Rh19JDwRtpVPAWp64F+rlEtxUWBAQW28eAi3SRSzg=",
        "owner": "numtide",
        "repo": "flake-utils",
        "rev": "cfacdce06f30d2b68473a46042957675eebb3401",
        "type": "github"
      },
      "original": {
        "owner": "numtide",
        "repo": "flake-utils",
        "type": "github"
      }
    },
    "flake-utils_2": {
      "inputs": {
        "systems": "systems_2"
      },
      "locked": {
        "lastModified": 1681202837,
        "narHash": "sha256-H+Rh19JDwRtpVPAWp64F+rlEtxUWBAQW28eAi3SRSzg=",
        "owner": "numtide",
        "repo": "flake-utils",
        "rev": "cfacdce06f30d2b68473a46042957675eebb3401",
        "type": "github"
      },
      "original": {
        "owner": "numtide",
        "repo": "flake-utils",
        "type": "github"
      }
    },
    "nixpkgs": {
      "locked": {
        "lastModified": 1684754342,
        "narHash": "sha256-plGnjnbnPLoZCTdQX21oT7xliQhFtgcWlkuDHgtEb1o=",
        "owner": "NixOS",
        "repo": "nixpkgs",
        "rev": "7084250df3d7f9735087d3234407f3c1fc2400e3",
        "type": "github"
      },
      "original": {
        "id": "nixpkgs",
        "ref": "nixos-unstable",
        "type": "indirect"
      }
    },
    "nixpkgs-cross-overlay": {
      "inputs": {
        "flake-utils": "flake-utils_2",
        "nixpkgs": "nixpkgs",
        "rust-overlay": "rust-overlay"
      },
      "locked": {
        "lastModified": 1685093565,
        "narHash": "sha256-bzWSqe09M9jug+ZU4nLXN4aKoy2oNAlPmTtzgX8y/80=",
        "owner": "alekseysidorov",
        "repo": "nixpkgs-cross-overlay",
        "rev": "a1167e3597cc74e1a2c0db2a9f1ddfbec5b9d368",
        "type": "github"
      },
      "original": {
        "owner": "alekseysidorov",
        "ref": "dev",
        "repo": "nixpkgs-cross-overlay",
        "type": "github"
      }
    },
    "root": {
      "inputs": {
        "flake-utils": "flake-utils",
        "nixpkgs-cross-overlay": "nixpkgs-cross-overlay"
      }
    },
    "rust-overlay": {
      "inputs": {
        "flake-utils": [
          "nixpkgs-cross-overlay",
          "flake-utils"
        ],
        "nixpkgs": [
          "nixpkgs-cross-overlay",
          "nixpkgs"
        ]
      },
      "locked": {
        "lastModified": 1684894917,
        "narHash": "sha256-kwKCfmliHIxKuIjnM95TRcQxM/4AAEIZ+4A9nDJ6cJs=",
        "owner": "oxalica",
        "repo": "rust-overlay",
        "rev": "9ea38d547100edcf0da19aaebbdffa2810585495",
        "type": "github"
      },
      "original": {
        "owner": "oxalica",
        "repo": "rust-overlay",
        "type": "github"
      }
    },
    "systems": {
      "locked": {
        "lastModified": 1681028828,
        "narHash": "sha256-Vy1rq5AaRuLzOxct8nz4T6wlgyUR7zLU309k9mBC768=",
        "owner": "nix-systems",
        "repo": "default",
        "rev": "da67096a3b9bf56a91d16901293e51ba5b49a27e",
        "type": "github"
      },
      "original": {
        "owner": "nix-systems",
        "repo": "default",
        "type": "github"
      }
    },
    "systems_2": {
      "locked": {
        "lastModified": 1681028828,
        "narHash": "sha256-Vy1rq5AaRuLzOxct8nz4T6wlgyUR7zLU309k9mBC768=",
        "owner": "nix-systems",
        "repo": "default",
        "rev": "da67096a3b9bf56a91d16901293e51ba5b49a27e",
        "type": "github"
      },
      "original": {
        "owner": "nix-systems",
        "repo": "default",
        "type": "github"
      }
    }
  },
  "root": "root",
  "version": 7
}
